
Microsoft Visual Studio Solution File, Format Version 12.00
# Visual Studio Version 16
VisualStudioVersion = 16.0.29613.14
MinimumVisualStudioVersion = 10.0.40219.1
Project("{FAE04EC0-301F-11D3-BF4B-00C04F79EFBC}") = "Map", "Map\Map.csproj", "{5CE4DFB0-C619-4688-A5AC-5D9A25B77ADC}"
EndProject
Global
	GlobalSection(SolutionConfigurationPlatforms) = preSolution
		Debug|Any CPU = Debug|Any CPU
		Release|Any CPU = Release|Any CPU
	EndGlobalSection
	GlobalSection(ProjectConfigurationPlatforms) = postSolution
		{5CE4DFB0-C619-4688-A5AC-5D9A25B77ADC}.Debug|Any CPU.ActiveCfg = Debug|Any CPU
		{5CE4DFB0-C619-4688-A5AC-5D9A25B77ADC}.Debug|Any CPU.Build.0 = Debug|Any CPU
		{5CE4DFB0-C619-4688-A5AC-5D9A25B77ADC}.Release|Any CPU.ActiveCfg = Release|Any CPU
		{5CE4DFB0-C619-4688-A5AC-5D9A25B77ADC}.Release|Any CPU.Build.0 = Release|Any CPU
	EndGlobalSection
	GlobalSection(SolutionProperties) = preSolution
		HideSolutionNode = FALSE
	EndGlobalSection
	GlobalSection(ExtensibilityGlobals) = postSolution
		SolutionGuid = {657A446C-947C-44B9-9434-33803A6C596C}
	EndGlobalSection
EndGlobal
